
Microsoft Visual Studio Solution File, Format Version 12.00
# Visual Studio Version 17
VisualStudioVersion = 17.9.34321.82
MinimumVisualStudioVersion = 10.0.40219.1
Project("{FAE04EC0-301F-11D3-BF4B-00C04F79EFBC}") = "BulkyWeb", "BulkyWeb\BulkyWeb.csproj", "{5D7512FD-1DCE-4739-BC3B-CD6D996164B3}"
EndProject
Project("{FAE04EC0-301F-11D3-BF4B-00C04F79EFBC}") = "Bulky.DataAccess", "Bulky.DataAccess\Bulky.DataAccess.csproj", "{22CAD33F-BF03-461A-8301-6FF9E6DE5F8F}"
EndProject
Project("{FAE04EC0-301F-11D3-BF4B-00C04F79EFBC}") = "Bulky.Models", "Bulky.Models\Bulky.Models.csproj", "{21853E77-08A9-425F-91DC-131BAFB9F90F}"
EndProject
Project("{FAE04EC0-301F-11D3-BF4B-00C04F79EFBC}") = "Bulky.Utility", "Bulky.Utility\Bulky.Utility.csproj", "{3CF9C400-BB22-4049-B803-03843E343058}"
EndProject
Global
	GlobalSection(SolutionConfigurationPlatforms) = preSolution
		Debug|Any CPU = Debug|Any CPU
		Release|Any CPU = Release|Any CPU
	EndGlobalSection
	GlobalSection(ProjectConfigurationPlatforms) = postSolution
		{5D7512FD-1DCE-4739-BC3B-CD6D996164B3}.Debug|Any CPU.ActiveCfg = Debug|Any CPU
		{5D7512FD-1DCE-4739-BC3B-CD6D996164B3}.Debug|Any CPU.Build.0 = Debug|Any CPU
		{5D7512FD-1DCE-4739-BC3B-CD6D996164B3}.Release|Any CPU.ActiveCfg = Release|Any CPU
		{5D7512FD-1DCE-4739-BC3B-CD6D996164B3}.Release|Any CPU.Build.0 = Release|Any CPU
		{22CAD33F-BF03-461A-8301-6FF9E6DE5F8F}.Debug|Any CPU.ActiveCfg = Debug|Any CPU
		{22CAD33F-BF03-461A-8301-6FF9E6DE5F8F}.Debug|Any CPU.Build.0 = Debug|Any CPU
		{22CAD33F-BF03-461A-8301-6FF9E6DE5F8F}.Release|Any CPU.ActiveCfg = Release|Any CPU
		{22CAD33F-BF03-461A-8301-6FF9E6DE5F8F}.Release|Any CPU.Build.0 = Release|Any CPU
		{21853E77-08A9-425F-91DC-131BAFB9F90F}.Debug|Any CPU.ActiveCfg = Debug|Any CPU
		{21853E77-08A9-425F-91DC-131BAFB9F90F}.Debug|Any CPU.Build.0 = Debug|Any CPU
		{21853E77-08A9-425F-91DC-131BAFB9F90F}.Release|Any CPU.ActiveCfg = Release|Any CPU
		{21853E77-08A9-425F-91DC-131BAFB9F90F}.Release|Any CPU.Build.0 = Release|Any CPU
		{3CF9C400-BB22-4049-B803-03843E343058}.Debug|Any CPU.ActiveCfg = Debug|Any CPU
		{3CF9C400-BB22-4049-B803-03843E343058}.Debug|Any CPU.Build.0 = Debug|Any CPU
		{3CF9C400-BB22-4049-B803-03843E343058}.Release|Any CPU.ActiveCfg = Release|Any CPU
		{3CF9C400-BB22-4049-B803-03843E343058}.Release|Any CPU.Build.0 = Release|Any CPU
	EndGlobalSection
	GlobalSection(SolutionProperties) = preSolution
		HideSolutionNode = FALSE
	EndGlobalSection
	GlobalSection(ExtensibilityGlobals) = postSolution
		SolutionGuid = {58D7AF7B-A0DC-4588-BD6C-4CC3E1FC0626}
	EndGlobalSection
EndGlobal
